
Microsoft Visual Studio Solution File, Format Version 12.00
# Visual Studio 14
VisualStudioVersion = 14.0.25123.0
MinimumVisualStudioVersion = 10.0.40219.1
Project("{FAE04EC0-301F-11D3-BF4B-00C04F79EFBC}") = "PartyStarter", "PartyStarter\PartyStarter.csproj", "{97E6846B-63E7-4DC3-8C21-284031A3A4FC}"
EndProject
Project("{FAE04EC0-301F-11D3-BF4B-00C04F79EFBC}") = "PartyStarter.Tests", "PartyStarter.Tests\PartyStarter.Tests.csproj", "{AADC9249-F782-46B6-B8C7-32A3D95B7DB8}"
EndProject
Global
	GlobalSection(SolutionConfigurationPlatforms) = preSolution
		Debug|Any CPU = Debug|Any CPU
		Release|Any CPU = Release|Any CPU
	EndGlobalSection
	GlobalSection(ProjectConfigurationPlatforms) = postSolution
		{97E6846B-63E7-4DC3-8C21-284031A3A4FC}.Debug|Any CPU.ActiveCfg = Debug|Any CPU
		{97E6846B-63E7-4DC3-8C21-284031A3A4FC}.Debug|Any CPU.Build.0 = Debug|Any CPU
		{97E6846B-63E7-4DC3-8C21-284031A3A4FC}.Release|Any CPU.ActiveCfg = Release|Any CPU
		{97E6846B-63E7-4DC3-8C21-284031A3A4FC}.Release|Any CPU.Build.0 = Release|Any CPU
		{AADC9249-F782-46B6-B8C7-32A3D95B7DB8}.Debug|Any CPU.ActiveCfg = Debug|Any CPU
		{AADC9249-F782-46B6-B8C7-32A3D95B7DB8}.Debug|Any CPU.Build.0 = Debug|Any CPU
		{AADC9249-F782-46B6-B8C7-32A3D95B7DB8}.Release|Any CPU.ActiveCfg = Release|Any CPU
		{AADC9249-F782-46B6-B8C7-32A3D95B7DB8}.Release|Any CPU.Build.0 = Release|Any CPU
	EndGlobalSection
	GlobalSection(SolutionProperties) = preSolution
		HideSolutionNode = FALSE
	EndGlobalSection
EndGlobal
